// !$*UTF8*$!
{
	archiveVersion = 1;
	classes = {
	};
	objectVersion = 46;
	objects = {

/* Begin PBXBuildFile section */
		A312CDC51F55F80A001B1405 /* AppDelegate.swift in Sources */ = {isa = PBXBuildFile; fileRef = A312CDC41F55F80A001B1405 /* AppDelegate.swift */; };
		A312CDC71F55F80A001B1405 /* ViewController.swift in Sources */ = {isa = PBXBuildFile; fileRef = A312CDC61F55F80A001B1405 /* ViewController.swift */; };
		A312CDCA1F55F80A001B1405 /* Main.storyboard in Resources */ = {isa = PBXBuildFile; fileRef = A312CDC81F55F80A001B1405 /* Main.storyboard */; };
		A312CDCC1F55F80A001B1405 /* Assets.xcassets in Resources */ = {isa = PBXBuildFile; fileRef = A312CDCB1F55F80A001B1405 /* Assets.xcassets */; };
		A312CDCF1F55F80A001B1405 /* LaunchScreen.storyboard in Resources */ = {isa = PBXBuildFile; fileRef = A312CDCD1F55F80A001B1405 /* LaunchScreen.storyboard */; };
/* End PBXBuildFile section */

/* Begin PBXFileReference section */
		A312CDC11F55F80A001B1405 /* Magic8Ball.app */ = {isa = PBXFileReference; explicitFileType = wrapper.application; includeInIndex = 0; path = Magic8Ball.app; sourceTree = BUILT_PRODUCTS_DIR; };
		A312CDC41F55F80A001B1405 /* AppDelegate.swift */ = {isa = PBXFileReference; lastKnownFileType = sourcecode.swift; path = AppDelegate.swift; sourceTree = "<group>"; };
		A312CDC61F55F80A001B1405 /* ViewController.swift */ = {isa = PBXFileReference; lastKnownFileType = sourcecode.swift; path = ViewController.swift; sourceTree = "<group>"; };
		A312CDC91F55F80A001B1405 /* Base */ = {isa = PBXFileReference; lastKnownFileType = file.storyboard; name = Base; path = Base.lproj/Main.storyboard; sourceTree = "<group>"; };
		A312CDCB1F55F80A001B1405 /* Assets.xcassets */ = {isa = PBXFileReference; lastKnownFileType = folder.assetcatalog; path = Assets.xcassets; sourceTree = "<group>"; };
		A312CDCE1F55F80A001B1405 /* Base */ = {isa = PBXFileReference; lastKnownFileType = file.storyboard; name = Base; path = Base.lproj/LaunchScreen.storyboard; sourceTree = "<group>"; };
		A312CDD01F55F80A001B1405 /* Info.plist */ = {isa = PBXFileReference; lastKnownFileType = text.plist.xml; path = Info.plist; sourceTree = "<group>"; };
/* End PBXFileReference section */

/* Begin PBXFrameworksBuildPhase section */
		A312CDBE1F55F80A001B1405 /* Frameworks */ = {
			isa = PBXFrameworksBuildPhase;
			buildActionMask = 2147483647;
			files = (
			);
			runOnlyForDeploymentPostprocessing = 0;
		};
/* End PBXFrameworksBuildPhase section */

/* Begin PBXGroup section */
		A312CDB81F55F80A001B1405 = {
			isa = PBXGroup;
			children = (
				A312CDC31F55F80A001B1405 /* Magic8Ball */,
				A312CDC21F55F80A001B1405 /* Products */,
			);
			sourceTree = "<group>";
		};
		A312CDC21F55F80A001B1405 /* Products */ = {
			isa = PBXGroup;
			children = (
				A312CDC11F55F80A001B1405 /* Magic8Ball.app */,
			);
			name = Products;
			sourceTree = "<group>";
		};
		A312CDC31F55F80A001B1405 /* Magic8Ball */ = {
			isa = PBXGroup;
			children = (
				A312CDC41F55F80A001B1405 /* AppDelegate.swift */,
				A312CDC61F55F80A001B1405 /* ViewController.swift */,
				A312CDC81F55F80A001B1405 /* Main.storyboard */,
				A312CDCB1F55F80A001B1405 /* Assets.xcassets */,
				A312CDCD1F55F80A001B1405 /* LaunchScreen.storyboard */,
				A312CDD01F55F80A001B1405 /* Info.plist */,
			);
			path = Magic8Ball;
			sourceTree = "<group>";
		};
/* End PBXGroup section */

/* Begin PBXNativeTarget section */
		A312CDC01F55F80A001B1405 /* Magic8Ball */ = {
			isa = PBXNativeTarget;
			buildConfigurationList = A312CDD31F55F80A001B1405 /* Build configuration list for PBXNativeTarget "Magic8Ball" */;
			buildPhases = (
				A312CDBD1F55F80A001B1405 /* Sources */,
				A312CDBE1F55F80A001B1405 /* Frameworks */,
				A312CDBF1F55F80A001B1405 /* Resources */,
			);
			buildRules = (
			);
			dependencies = (
			);
			name = Magic8Ball;
			productName = Magic8Ball;
			productReference = A312CDC11F55F80A001B1405 /* Magic8Ball.app */;
			productType = "com.apple.product-type.application";
		};
/* End PBXNativeTarget section */

/* Begin PBXProject section */
		A312CDB91F55F80A001B1405 /* Project object */ = {
			isa = PBXProject;
			attributes = {
				LastSwiftUpdateCheck = 0830;
				LastUpgradeCheck = 0830;
				ORGANIZATIONNAME = "Tiago Do Couto";
				TargetAttributes = {
					A312CDC01F55F80A001B1405 = {
						CreatedOnToolsVersion = 8.3.3;
						DevelopmentTeam = 7TW6282C6A;
						ProvisioningStyle = Automatic;
					};
				};
			};
			buildConfigurationList = A312CDBC1F55F80A001B1405 /* Build configuration list for PBXProject "Magic8Ball" */;
			compatibilityVersion = "Xcode 3.2";
			developmentRegion = English;
			hasScannedForEncodings = 0;
			knownRegions = (
				en,
				Base,
			);
			mainGroup = A312CDB81F55F80A001B1405;
			productRefGroup = A312CDC21F55F80A001B1405 /* Products */;
			projectDirPath = "";
			projectRoot = "";
			targets = (
				A312CDC01F55F80A001B1405 /* Magic8Ball */,
			);
		};
/* End PBXProject section */

/* Begin PBXResourcesBuildPhase section */
		A312CDBF1F55F80A001B1405 /* Resources */ = {
			isa = PBXResourcesBuildPhase;
			buildActionMask = 2147483647;
			files = (
				A312CDCF1F55F80A001B1405 /* LaunchScreen.storyboard in Resources */,
				A312CDCC1F55F80A001B1405 /* Assets.xcassets in Resources */,
				A312CDCA1F55F80A001B1405 /* Main.storyboard in Resources */,
			);
			runOnlyForDeploymentPostprocessing = 0;
		};
/* End PBXResourcesBuildPhase section */

/* Begin PBXSourcesBuildPhase section */
		A312CDBD1F55F80A001B1405 /* Sources */ = {
			isa = PBXSourcesBuildPhase;
			buildActionMask = 2147483647;
			files = (
				A312CDC71F55F80A001B1405 /* ViewController.swift in Sources */,
				A312CDC51F55F80A001B1405 /* AppDelegate.swift in Sources */,
			);
			runOnlyForDeploymentPostprocessing = 0;
		};
/* End PBXSourcesBuildPhase section */

/* Begin PBXVariantGroup section */
		A312CDC81F55F80A001B1405 /* Main.storyboard */ = {
			isa = PBXVariantGroup;
			children = (
				A312CDC91F55F80A001B1405 /* Base */,
			);
			name = Main.storyboard;
			sourceTree = "<group>";
		};
		A312CDCD1F55F80A001B1405 /* LaunchScreen.storyboard */ = {
			isa = PBXVariantGroup;
			children = (
				A312CDCE1F55F80A001B1405 /* Base */,
			);
			name = LaunchScreen.storyboard;
			sourceTree = "<group>";
		};
/* End PBXVariantGroup section */

/* Begin XCBuildConfiguration section */
		A312CDD11F55F80A001B1405 /* Debug */ = {
			isa = XCBuildConfiguration;
			buildSettings = {
				ALWAYS_SEARCH_USER_PATHS = NO;
				CLANG_ANALYZER_NONNULL = YES;
				CLANG_ANALYZER_NUMBER_OBJECT_CONVERSION = YES_AGGRESSIVE;
				CLANG_CXX_LANGUAGE_STANDARD = "gnu++0x";
				CLANG_CXX_LIBRARY = "libc++";
				CLANG_ENABLE_MODULES = YES;
				CLANG_ENABLE_OBJC_ARC = YES;
				CLANG_WARN_BOOL_CONVERSION = YES;
				CLANG_WARN_CONSTANT_CONVERSION = YES;
				CLANG_WARN_DIRECT_OBJC_ISA_USAGE = YES_ERROR;
				CLANG_WARN_DOCUMENTATION_COMMENTS = YES;
				CLANG_WARN_EMPTY_BODY = YES;
				CLANG_WARN_ENUM_CONVERSION = YES;
				CLANG_WARN_INFINITE_RECURSION = YES;
				CLANG_WARN_INT_CONVERSION = YES;
				CLANG_WARN_OBJC_ROOT_CLASS = YES_ERROR;
				CLANG_WARN_SUSPICIOUS_MOVE = YES;
				CLANG_WARN_UNREACHABLE_CODE = YES;
				CLANG_WARN__DUPLICATE_METHOD_MATCH = YES;
				"CODE_SIGN_IDENTITY[sdk=iphoneos*]" = "iPhone Developer";
				COPY_PHASE_STRIP = NO;
				DEBUG_INFORMATION_FORMAT = dwarf;
				ENABLE_STRICT_OBJC_MSGSEND = YES;
				ENABLE_TESTABILITY = YES;
				GCC_C_LANGUAGE_STANDARD = gnu99;
				GCC_DYNAMIC_NO_PIC = NO;
				GCC_NO_COMMON_BLOCKS = YES;
				GCC_OPTIMIZATION_LEVEL = 0;
				GCC_PREPROCESSOR_DEFINITIONS = (
					"DEBUG=1",
					"$(inherited)",
				);
				GCC_WARN_64_TO_32_BIT_CONVERSION = YES;
				GCC_WARN_ABOUT_RETURN_TYPE = YES_ERROR;
				GCC_WARN_UNDECLARED_SELECTOR = YES;
				GCC_WARN_UNINITIALIZED_AUTOS = YES_AGGRESSIVE;
				GCC_WARN_UNUSED_FUNCTION = YES;
				GCC_WARN_UNUSED_VARIABLE = YES;
				IPHONEOS_DEPLOYMENT_TARGET = 10.3;
				MTL_ENABLE_DEBUG_INFO = YES;
				ONLY_ACTIVE_ARCH = YES;
				SDKROOT = iphoneos;
				SWIFT_ACTIVE_COMPILATION_CONDITIONS = DEBUG;
				SWIFT_OPTIMIZATION_LEVEL = "-Onone";
			};
			name = Debug;
		};
		A312CDD21F55F80A001B1405 /* Release */ = {
			isa = XCBuildConfiguration;
			buildSettings = {
				ALWAYS_SEARCH_USER_PATHS = NO;
				CLANG_ANALYZER_NONNULL = YES;
				CLANG_ANALYZER_NUMBER_OBJECT_CONVERSION = YES_AGGRESSIVE;
				CLANG_CXX_LANGUAGE_STANDARD = "gnu++0x";
				CLANG_CXX_LIBRARY = "libc++";
				CLANG_ENABLE_MODULES = YES;
				CLANG_ENABLE_OBJC_ARC = YES;
				CLANG_WARN_BOOL_CONVERSION = YES;
				CLANG_WARN_CONSTANT_CONVERSION = YES;
				CLANG_WARN_DIRECT_OBJC_ISA_USAGE = YES_ERROR;
				CLANG_WARN_DOCUMENTATION_COMMENTS = YES;
				CLANG_WARN_EMPTY_BODY = YES;
				CLANG_WARN_ENUM_CONVERSION = YES;
				CLANG_WARN_INFINITE_RECURSION = YES;
				CLANG_WARN_INT_CONVERSION = YES;
				CLANG_WARN_OBJC_ROOT_CLASS = YES_ERROR;
				CLANG_WARN_SUSPICIOUS_MOVE = YES;
				CLANG_WARN_UNREACHABLE_CODE = YES;
				CLANG_WARN__DUPLICATE_METHOD_MATCH = YES;
				"CODE_SIGN_IDENTITY[sdk=iphoneos*]" = "iPhone Developer";
				COPY_PHASE_STRIP = NO;
				DEBUG_INFORMATION_FORMAT = "dwarf-with-dsym";
				ENABLE_NS_ASSERTIONS = NO;
				ENABLE_STRICT_OBJC_MSGSEND = YES;
				GCC_C_LANGUAGE_STANDARD = gnu99;
				GCC_NO_COMMON_BLOCKS = YES;
				GCC_WARN_64_TO_32_BIT_CONVERSION = YES;
				GCC_WARN_ABOUT_RETURN_TYPE = YES_ERROR;
				GCC_WARN_UNDECLARED_SELECTOR = YES;
				GCC_WARN_UNINITIALIZED_AUTOS = YES_AGGRESSIVE;
				GCC_WARN_UNUSED_FUNCTION = YES;
				GCC_WARN_UNUSED_VARIABLE = YES;
				IPHONEOS_DEPLOYMENT_TARGET = 10.3;
				MTL_ENABLE_DEBUG_INFO = NO;
				SDKROOT = iphoneos;
				SWIFT_OPTIMIZATION_LEVEL = "-Owholemodule";
				VALIDATE_PRODUCT = YES;
			};
			name = Release;
		};
		A312CDD41F55F80A001B1405 /* Debug */ = {
			isa = XCBuildConfiguration;
			buildSettings = {
				ASSETCATALOG_COMPILER_APPICON_NAME = AppIcon;
				DEVELOPMENT_TEAM = 7TW6282C6A;
				INFOPLIST_FILE = Magic8Ball/Info.plist;
				LD_RUNPATH_SEARCH_PATHS = "$(inherited) @executable_path/Frameworks";
				PRODUCT_BUNDLE_IDENTIFIER = CoutoCode.Magic8Ball;
				PRODUCT_NAME = "$(TARGET_NAME)";
				SWIFT_VERSION = 3.0;
			};
			name = Debug;
		};
		A312CDD51F55F80A001B1405 /* Release */ = {
			isa = XCBuildConfiguration;
			buildSettings = {
				ASSETCATALOG_COMPILER_APPICON_NAME = AppIcon;
				DEVELOPMENT_TEAM = 7TW6282C6A;
				INFOPLIST_FILE = Magic8Ball/Info.plist;
				LD_RUNPATH_SEARCH_PATHS = "$(inherited) @executable_path/Frameworks";
				PRODUCT_BUNDLE_IDENTIFIER = CoutoCode.Magic8Ball;
				PRODUCT_NAME = "$(TARGET_NAME)";
				SWIFT_VERSION = 3.0;
			};
			name = Release;
		};
/* End XCBuildConfiguration section */

/* Begin XCConfigurationList section */
		A312CDBC1F55F80A001B1405 /* Build configuration list for PBXProject "Magic8Ball" */ = {
			isa = XCConfigurationList;
			buildConfigurations = (
				A312CDD11F55F80A001B1405 /* Debug */,
				A312CDD21F55F80A001B1405 /* Release */,
			);
			defaultConfigurationIsVisible = 0;
			defaultConfigurationName = Release;
		};
		A312CDD31F55F80A001B1405 /* Build configuration list for PBXNativeTarget "Magic8Ball" */ = {
			isa = XCConfigurationList;
			buildConfigurations = (
				A312CDD41F55F80A001B1405 /* Debug */,
				A312CDD51F55F80A001B1405 /* Release */,
			);
			defaultConfigurationIsVisible = 0;
		};
/* End XCConfigurationList section */
	};
	rootObject = A312CDB91F55F80A001B1405 /* Project object */;
}
